
Microsoft Visual Studio Solution File, Format Version 12.00
# Visual Studio Version 16
VisualStudioVersion = 16.0.29503.13
MinimumVisualStudioVersion = 10.0.40219.1
Project("{FAE04EC0-301F-11D3-BF4B-00C04F79EFBC}") = "blazorapp", "blazorapp.csproj", "{335618DC-605C-4A76-A5A9-E85D27C652D8}"
EndProject
Global
	GlobalSection(SolutionConfigurationPlatforms) = preSolution
		Debug|Any CPU = Debug|Any CPU
		Release|Any CPU = Release|Any CPU
	EndGlobalSection
	GlobalSection(ProjectConfigurationPlatforms) = postSolution
		{335618DC-605C-4A76-A5A9-E85D27C652D8}.Debug|Any CPU.ActiveCfg = Debug|Any CPU
		{335618DC-605C-4A76-A5A9-E85D27C652D8}.Debug|Any CPU.Build.0 = Debug|Any CPU
		{335618DC-605C-4A76-A5A9-E85D27C652D8}.Release|Any CPU.ActiveCfg = Release|Any CPU
		{335618DC-605C-4A76-A5A9-E85D27C652D8}.Release|Any CPU.Build.0 = Release|Any CPU
	EndGlobalSection
	GlobalSection(SolutionProperties) = preSolution
		HideSolutionNode = FALSE
	EndGlobalSection
	GlobalSection(ExtensibilityGlobals) = postSolution
		SolutionGuid = {6F67C7FA-468A-424E-9B45-4D169BFCFF4A}
	EndGlobalSection
EndGlobal
